
Microsoft Visual Studio Solution File, Format Version 12.00
# Visual Studio 15
VisualStudioVersion = 15.0.28307.271
MinimumVisualStudioVersion = 10.0.40219.1
Project("{FAE04EC0-301F-11D3-BF4B-00C04F79EFBC}") = "Helios", "Helios\Helios.csproj", "{112DCD54-27E9-467B-BBBF-BF558EF1DE03}"
EndProject
Project("{54435603-DBB4-11D2-8724-00A0C9A8B90C}") = "HeliosSetup1", "HeliosSetup1\HeliosSetup1.vdproj", "{AC2EE236-0EE0-4855-A42F-1F2615B64D21}"
EndProject
Global
	GlobalSection(SolutionConfigurationPlatforms) = preSolution
		Debug|Any CPU = Debug|Any CPU
		Release|Any CPU = Release|Any CPU
	EndGlobalSection
	GlobalSection(ProjectConfigurationPlatforms) = postSolution
		{112DCD54-27E9-467B-BBBF-BF558EF1DE03}.Debug|Any CPU.ActiveCfg = Debug|Any CPU
		{112DCD54-27E9-467B-BBBF-BF558EF1DE03}.Debug|Any CPU.Build.0 = Debug|Any CPU
		{112DCD54-27E9-467B-BBBF-BF558EF1DE03}.Release|Any CPU.ActiveCfg = Release|Any CPU
		{112DCD54-27E9-467B-BBBF-BF558EF1DE03}.Release|Any CPU.Build.0 = Release|Any CPU
		{AC2EE236-0EE0-4855-A42F-1F2615B64D21}.Debug|Any CPU.ActiveCfg = Debug
		{AC2EE236-0EE0-4855-A42F-1F2615B64D21}.Release|Any CPU.ActiveCfg = Release
	EndGlobalSection
	GlobalSection(SolutionProperties) = preSolution
		HideSolutionNode = FALSE
	EndGlobalSection
	GlobalSection(ExtensibilityGlobals) = postSolution
		SolutionGuid = {FE69C947-A14B-48A2-A8BD-21EE36F37E6B}
	EndGlobalSection
EndGlobal
